
Microsoft Visual Studio Solution File, Format Version 12.00
# Visual Studio Version 17
VisualStudioVersion = 17.10.35013.160
MinimumVisualStudioVersion = 10.0.40219.1
Project("{9A19103F-16F7-4668-BE54-9A1E7A4F7556}") = "Test", "Test\Test.csproj", "{6B4DE8CA-BA37-499C-BC12-2FD6591967B7}"
EndProject
Project("{9A19103F-16F7-4668-BE54-9A1E7A4F7556}") = "TestProject", "TestProject\TestProject.csproj", "{B821CDB0-E4E6-4A86-817C-55AA639EDD6E}"
EndProject
Project("{2150E333-8FDC-42A3-9474-1A3956D46DE8}") = ".github", ".github", "{96F3BA4B-2B73-4E31-B924-9151F86EDCCB}"
EndProject
Project("{2150E333-8FDC-42A3-9474-1A3956D46DE8}") = "workflows", "workflows", "{501AC86C-A191-4AF0-9A93-1444A29F92D4}"
	ProjectSection(SolutionItems) = preProject
		dotnet-ci.yml = dotnet-ci.yml
	EndProjectSection
EndProject
Global
	GlobalSection(SolutionConfigurationPlatforms) = preSolution
		Debug|Any CPU = Debug|Any CPU
		Release|Any CPU = Release|Any CPU
	EndGlobalSection
	GlobalSection(ProjectConfigurationPlatforms) = postSolution
		{6B4DE8CA-BA37-499C-BC12-2FD6591967B7}.Debug|Any CPU.ActiveCfg = Debug|Any CPU
		{6B4DE8CA-BA37-499C-BC12-2FD6591967B7}.Debug|Any CPU.Build.0 = Debug|Any CPU
		{6B4DE8CA-BA37-499C-BC12-2FD6591967B7}.Release|Any CPU.ActiveCfg = Release|Any CPU
		{6B4DE8CA-BA37-499C-BC12-2FD6591967B7}.Release|Any CPU.Build.0 = Release|Any CPU
		{B821CDB0-E4E6-4A86-817C-55AA639EDD6E}.Debug|Any CPU.ActiveCfg = Debug|Any CPU
		{B821CDB0-E4E6-4A86-817C-55AA639EDD6E}.Debug|Any CPU.Build.0 = Debug|Any CPU
		{B821CDB0-E4E6-4A86-817C-55AA639EDD6E}.Release|Any CPU.ActiveCfg = Release|Any CPU
		{B821CDB0-E4E6-4A86-817C-55AA639EDD6E}.Release|Any CPU.Build.0 = Release|Any CPU
	EndGlobalSection
	GlobalSection(SolutionProperties) = preSolution
		HideSolutionNode = FALSE
	EndGlobalSection
	GlobalSection(NestedProjects) = preSolution
		{501AC86C-A191-4AF0-9A93-1444A29F92D4} = {96F3BA4B-2B73-4E31-B924-9151F86EDCCB}
	EndGlobalSection
	GlobalSection(ExtensibilityGlobals) = postSolution
		SolutionGuid = {26212757-9BF0-4102-BE1A-F25E093E128D}
	EndGlobalSection
EndGlobal
